// !$*UTF8*$!
{
	archiveVersion = 1;
	classes = {
	};
	objectVersion = 50;
	objects = {

/* Begin PBXBuildFile section */
		339D86D526816CF00072D634 /* Gamification.podspec in Resources */ = {isa = PBXBuildFile; fileRef = 339D86D426816CF00072D634 /* Gamification.podspec */; };
		339D86D926816E410072D634 /* LICENSE in Resources */ = {isa = PBXBuildFile; fileRef = 339D86D726816E410072D634 /* LICENSE */; };
		339D86DA26816E410072D634 /* README.md in Resources */ = {isa = PBXBuildFile; fileRef = 339D86D826816E410072D634 /* README.md */; };
		33F569A6265F51AF00150D09 /* AppDelegate.swift in Sources */ = {isa = PBXBuildFile; fileRef = 33F569A5265F51AF00150D09 /* AppDelegate.swift */; };
		33F569A8265F51AF00150D09 /* SceneDelegate.swift in Sources */ = {isa = PBXBuildFile; fileRef = 33F569A7265F51AF00150D09 /* SceneDelegate.swift */; };
		33F569AA265F51AF00150D09 /* ViewController.swift in Sources */ = {isa = PBXBuildFile; fileRef = 33F569A9265F51AF00150D09 /* ViewController.swift */; };
		33F569AD265F51AF00150D09 /* Main.storyboard in Resources */ = {isa = PBXBuildFile; fileRef = 33F569AB265F51AF00150D09 /* Main.storyboard */; };
		33F569AF265F51BD00150D09 /* Assets.xcassets in Resources */ = {isa = PBXBuildFile; fileRef = 33F569AE265F51BD00150D09 /* Assets.xcassets */; };
		33F569B2265F51BD00150D09 /* LaunchScreen.storyboard in Resources */ = {isa = PBXBuildFile; fileRef = 33F569B0265F51BD00150D09 /* LaunchScreen.storyboard */; };
/* End PBXBuildFile section */

/* Begin PBXFileReference section */
		339D86D426816CF00072D634 /* Gamification.podspec */ = {isa = PBXFileReference; fileEncoding = 4; lastKnownFileType = text; path = Gamification.podspec; sourceTree = "<group>"; };
		339D86D726816E410072D634 /* LICENSE */ = {isa = PBXFileReference; fileEncoding = 4; lastKnownFileType = text; path = LICENSE; sourceTree = "<group>"; };
		339D86D826816E410072D634 /* README.md */ = {isa = PBXFileReference; fileEncoding = 4; lastKnownFileType = net.daringfireball.markdown; path = README.md; sourceTree = "<group>"; };
		33F569A2265F51AF00150D09 /* Gamification.app */ = {isa = PBXFileReference; explicitFileType = wrapper.application; includeInIndex = 0; path = Gamification.app; sourceTree = BUILT_PRODUCTS_DIR; };
		33F569A5265F51AF00150D09 /* AppDelegate.swift */ = {isa = PBXFileReference; lastKnownFileType = sourcecode.swift; path = AppDelegate.swift; sourceTree = "<group>"; };
		33F569A7265F51AF00150D09 /* SceneDelegate.swift */ = {isa = PBXFileReference; lastKnownFileType = sourcecode.swift; path = SceneDelegate.swift; sourceTree = "<group>"; };
		33F569A9265F51AF00150D09 /* ViewController.swift */ = {isa = PBXFileReference; lastKnownFileType = sourcecode.swift; path = ViewController.swift; sourceTree = "<group>"; };
		33F569AC265F51AF00150D09 /* Base */ = {isa = PBXFileReference; lastKnownFileType = file.storyboard; name = Base; path = Base.lproj/Main.storyboard; sourceTree = "<group>"; };
		33F569AE265F51BD00150D09 /* Assets.xcassets */ = {isa = PBXFileReference; lastKnownFileType = folder.assetcatalog; path = Assets.xcassets; sourceTree = "<group>"; };
		33F569B1265F51BD00150D09 /* Base */ = {isa = PBXFileReference; lastKnownFileType = file.storyboard; name = Base; path = Base.lproj/LaunchScreen.storyboard; sourceTree = "<group>"; };
		33F569B3265F51BD00150D09 /* Info.plist */ = {isa = PBXFileReference; lastKnownFileType = text.plist.xml; path = Info.plist; sourceTree = "<group>"; };
/* End PBXFileReference section */

/* Begin PBXFrameworksBuildPhase section */
		33F5699F265F51AF00150D09 /* Frameworks */ = {
			isa = PBXFrameworksBuildPhase;
			buildActionMask = 2147483647;
			files = (
			);
			runOnlyForDeploymentPostprocessing = 0;
		};
/* End PBXFrameworksBuildPhase section */

/* Begin PBXGroup section */
		33F56999265F51AE00150D09 = {
			isa = PBXGroup;
			children = (
				339D86D426816CF00072D634 /* Gamification.podspec */,
				339D86D726816E410072D634 /* LICENSE */,
				339D86D826816E410072D634 /* README.md */,
				33F569A4265F51AF00150D09 /* Gamification */,
				33F569A3265F51AF00150D09 /* Products */,
			);
			sourceTree = "<group>";
		};
		33F569A3265F51AF00150D09 /* Products */ = {
			isa = PBXGroup;
			children = (
				33F569A2265F51AF00150D09 /* Gamification.app */,
			);
			name = Products;
			sourceTree = "<group>";
		};
		33F569A4265F51AF00150D09 /* Gamification */ = {
			isa = PBXGroup;
			children = (
				33F569A5265F51AF00150D09 /* AppDelegate.swift */,
				33F569A7265F51AF00150D09 /* SceneDelegate.swift */,
				33F569A9265F51AF00150D09 /* ViewController.swift */,
				33F569AB265F51AF00150D09 /* Main.storyboard */,
				33F569AE265F51BD00150D09 /* Assets.xcassets */,
				33F569B0265F51BD00150D09 /* LaunchScreen.storyboard */,
				33F569B3265F51BD00150D09 /* Info.plist */,
			);
			path = Gamification;
			sourceTree = "<group>";
		};
/* End PBXGroup section */

/* Begin PBXNativeTarget section */
		33F569A1265F51AF00150D09 /* Gamification */ = {
			isa = PBXNativeTarget;
			buildConfigurationList = 33F569B6265F51BD00150D09 /* Build configuration list for PBXNativeTarget "Gamification" */;
			buildPhases = (
				33F5699E265F51AF00150D09 /* Sources */,
				33F5699F265F51AF00150D09 /* Frameworks */,
				33F569A0265F51AF00150D09 /* Resources */,
			);
			buildRules = (
			);
			dependencies = (
			);
			name = Gamification;
			productName = Gamification;
			productReference = 33F569A2265F51AF00150D09 /* Gamification.app */;
			productType = "com.apple.product-type.application";
		};
/* End PBXNativeTarget section */

/* Begin PBXProject section */
		33F5699A265F51AE00150D09 /* Project object */ = {
			isa = PBXProject;
			attributes = {
				LastSwiftUpdateCheck = 1230;
				LastUpgradeCheck = 1230;
				TargetAttributes = {
					33F569A1265F51AF00150D09 = {
						CreatedOnToolsVersion = 12.3;
					};
				};
			};
			buildConfigurationList = 33F5699D265F51AE00150D09 /* Build configuration list for PBXProject "Gamification" */;
			compatibilityVersion = "Xcode 9.3";
			developmentRegion = en;
			hasScannedForEncodings = 0;
			knownRegions = (
				en,
				Base,
			);
			mainGroup = 33F56999265F51AE00150D09;
			productRefGroup = 33F569A3265F51AF00150D09 /* Products */;
			projectDirPath = "";
			projectRoot = "";
			targets = (
				33F569A1265F51AF00150D09 /* Gamification */,
			);
		};
/* End PBXProject section */

/* Begin PBXResourcesBuildPhase section */
		33F569A0265F51AF00150D09 /* Resources */ = {
			isa = PBXResourcesBuildPhase;
			buildActionMask = 2147483647;
			files = (
				339D86DA26816E410072D634 /* README.md in Resources */,
				33F569B2265F51BD00150D09 /* LaunchScreen.storyboard in Resources */,
				33F569AF265F51BD00150D09 /* Assets.xcassets in Resources */,
				33F569AD265F51AF00150D09 /* Main.storyboard in Resources */,
				339D86D526816CF00072D634 /* Gamification.podspec in Resources */,
				339D86D926816E410072D634 /* LICENSE in Resources */,
			);
			runOnlyForDeploymentPostprocessing = 0;
		};
/* End PBXResourcesBuildPhase section */

/* Begin PBXSourcesBuildPhase section */
		33F5699E265F51AF00150D09 /* Sources */ = {
			isa = PBXSourcesBuildPhase;
			buildActionMask = 2147483647;
			files = (
				33F569AA265F51AF00150D09 /* ViewController.swift in Sources */,
				33F569A6265F51AF00150D09 /* AppDelegate.swift in Sources */,
				33F569A8265F51AF00150D09 /* SceneDelegate.swift in Sources */,
			);
			runOnlyForDeploymentPostprocessing = 0;
		};
/* End PBXSourcesBuildPhase section */

/* Begin PBXVariantGroup section */
		33F569AB265F51AF00150D09 /* Main.storyboard */ = {
			isa = PBXVariantGroup;
			children = (
				33F569AC265F51AF00150D09 /* Base */,
			);
			name = Main.storyboard;
			sourceTree = "<group>";
		};
		33F569B0265F51BD00150D09 /* LaunchScreen.storyboard */ = {
			isa = PBXVariantGroup;
			children = (
				33F569B1265F51BD00150D09 /* Base */,
			);
			name = LaunchScreen.storyboard;
			sourceTree = "<group>";
		};
/* End PBXVariantGroup section */

/* Begin XCBuildConfiguration section */
		33F569B4265F51BD00150D09 /* Debug */ = {
			isa = XCBuildConfiguration;
			buildSettings = {
				ALWAYS_SEARCH_USER_PATHS = NO;
				CLANG_ANALYZER_NONNULL = YES;
				CLANG_ANALYZER_NUMBER_OBJECT_CONVERSION = YES_AGGRESSIVE;
				CLANG_CXX_LANGUAGE_STANDARD = "gnu++14";
				CLANG_CXX_LIBRARY = "libc++";
				CLANG_ENABLE_MODULES = YES;
				CLANG_ENABLE_OBJC_ARC = YES;
				CLANG_ENABLE_OBJC_WEAK = YES;
				CLANG_WARN_BLOCK_CAPTURE_AUTORELEASING = YES;
				CLANG_WARN_BOOL_CONVERSION = YES;
				CLANG_WARN_COMMA = YES;
				CLANG_WARN_CONSTANT_CONVERSION = YES;
				CLANG_WARN_DEPRECATED_OBJC_IMPLEMENTATIONS = YES;
				CLANG_WARN_DIRECT_OBJC_ISA_USAGE = YES_ERROR;
				CLANG_WARN_DOCUMENTATION_COMMENTS = YES;
				CLANG_WARN_EMPTY_BODY = YES;
				CLANG_WARN_ENUM_CONVERSION = YES;
				CLANG_WARN_INFINITE_RECURSION = YES;
				CLANG_WARN_INT_CONVERSION = YES;
				CLANG_WARN_NON_LITERAL_NULL_CONVERSION = YES;
				CLANG_WARN_OBJC_IMPLICIT_RETAIN_SELF = YES;
				CLANG_WARN_OBJC_LITERAL_CONVERSION = YES;
				CLANG_WARN_OBJC_ROOT_CLASS = YES_ERROR;
				CLANG_WARN_QUOTED_INCLUDE_IN_FRAMEWORK_HEADER = YES;
				CLANG_WARN_RANGE_LOOP_ANALYSIS = YES;
				CLANG_WARN_STRICT_PROTOTYPES = YES;
				CLANG_WARN_SUSPICIOUS_MOVE = YES;
				CLANG_WARN_UNGUARDED_AVAILABILITY = YES_AGGRESSIVE;
				CLANG_WARN_UNREACHABLE_CODE = YES;
				CLANG_WARN__DUPLICATE_METHOD_MATCH = YES;
				COPY_PHASE_STRIP = NO;
				DEBUG_INFORMATION_FORMAT = dwarf;
				ENABLE_STRICT_OBJC_MSGSEND = YES;
				ENABLE_TESTABILITY = YES;
				GCC_C_LANGUAGE_STANDARD = gnu11;
				GCC_DYNAMIC_NO_PIC = NO;
				GCC_NO_COMMON_BLOCKS = YES;
				GCC_OPTIMIZATION_LEVEL = 0;
				GCC_PREPROCESSOR_DEFINITIONS = (
					"DEBUG=1",
					"$(inherited)",
				);
				GCC_WARN_64_TO_32_BIT_CONVERSION = YES;
				GCC_WARN_ABOUT_RETURN_TYPE = YES_ERROR;
				GCC_WARN_UNDECLARED_SELECTOR = YES;
				GCC_WARN_UNINITIALIZED_AUTOS = YES_AGGRESSIVE;
				GCC_WARN_UNUSED_FUNCTION = YES;
				GCC_WARN_UNUSED_VARIABLE = YES;
				IPHONEOS_DEPLOYMENT_TARGET = 10.0;
				MTL_ENABLE_DEBUG_INFO = INCLUDE_SOURCE;
				MTL_FAST_MATH = YES;
				ONLY_ACTIVE_ARCH = YES;
				SDKROOT = iphoneos;
				SWIFT_ACTIVE_COMPILATION_CONDITIONS = DEBUG;
				SWIFT_OPTIMIZATION_LEVEL = "-Onone";
			};
			name = Debug;
		};
		33F569B5265F51BD00150D09 /* Release */ = {
			isa = XCBuildConfiguration;
			buildSettings = {
				ALWAYS_SEARCH_USER_PATHS = NO;
				CLANG_ANALYZER_NONNULL = YES;
				CLANG_ANALYZER_NUMBER_OBJECT_CONVERSION = YES_AGGRESSIVE;
				CLANG_CXX_LANGUAGE_STANDARD = "gnu++14";
				CLANG_CXX_LIBRARY = "libc++";
				CLANG_ENABLE_MODULES = YES;
				CLANG_ENABLE_OBJC_ARC = YES;
				CLANG_ENABLE_OBJC_WEAK = YES;
				CLANG_WARN_BLOCK_CAPTURE_AUTORELEASING = YES;
				CLANG_WARN_BOOL_CONVERSION = YES;
				CLANG_WARN_COMMA = YES;
				CLANG_WARN_CONSTANT_CONVERSION = YES;
				CLANG_WARN_DEPRECATED_OBJC_IMPLEMENTATIONS = YES;
				CLANG_WARN_DIRECT_OBJC_ISA_USAGE = YES_ERROR;
				CLANG_WARN_DOCUMENTATION_COMMENTS = YES;
				CLANG_WARN_EMPTY_BODY = YES;
				CLANG_WARN_ENUM_CONVERSION = YES;
				CLANG_WARN_INFINITE_RECURSION = YES;
				CLANG_WARN_INT_CONVERSION = YES;
				CLANG_WARN_NON_LITERAL_NULL_CONVERSION = YES;
				CLANG_WARN_OBJC_IMPLICIT_RETAIN_SELF = YES;
				CLANG_WARN_OBJC_LITERAL_CONVERSION = YES;
				CLANG_WARN_OBJC_ROOT_CLASS = YES_ERROR;
				CLANG_WARN_QUOTED_INCLUDE_IN_FRAMEWORK_HEADER = YES;
				CLANG_WARN_RANGE_LOOP_ANALYSIS = YES;
				CLANG_WARN_STRICT_PROTOTYPES = YES;
				CLANG_WARN_SUSPICIOUS_MOVE = YES;
				CLANG_WARN_UNGUARDED_AVAILABILITY = YES_AGGRESSIVE;
				CLANG_WARN_UNREACHABLE_CODE = YES;
				CLANG_WARN__DUPLICATE_METHOD_MATCH = YES;
				COPY_PHASE_STRIP = NO;
				DEBUG_INFORMATION_FORMAT = "dwarf-with-dsym";
				ENABLE_NS_ASSERTIONS = NO;
				ENABLE_STRICT_OBJC_MSGSEND = YES;
				GCC_C_LANGUAGE_STANDARD = gnu11;
				GCC_NO_COMMON_BLOCKS = YES;
				GCC_WARN_64_TO_32_BIT_CONVERSION = YES;
				GCC_WARN_ABOUT_RETURN_TYPE = YES_ERROR;
				GCC_WARN_UNDECLARED_SELECTOR = YES;
				GCC_WARN_UNINITIALIZED_AUTOS = YES_AGGRESSIVE;
				GCC_WARN_UNUSED_FUNCTION = YES;
				GCC_WARN_UNUSED_VARIABLE = YES;
				IPHONEOS_DEPLOYMENT_TARGET = 10.0;
				MTL_ENABLE_DEBUG_INFO = NO;
				MTL_FAST_MATH = YES;
				SDKROOT = iphoneos;
				SWIFT_COMPILATION_MODE = wholemodule;
				SWIFT_OPTIMIZATION_LEVEL = "-O";
				VALIDATE_PRODUCT = YES;
			};
			name = Release;
		};
		33F569B7265F51BD00150D09 /* Debug */ = {
			isa = XCBuildConfiguration;
			buildSettings = {
				ASSETCATALOG_COMPILER_APPICON_NAME = AppIcon;
				ASSETCATALOG_COMPILER_GLOBAL_ACCENT_COLOR_NAME = AccentColor;
				CODE_SIGN_STYLE = Automatic;
				DEVELOPMENT_TEAM = 2PFLFZZ6ZC;
				INFOPLIST_FILE = Gamification/Info.plist;
				LD_RUNPATH_SEARCH_PATHS = (
					"$(inherited)",
					"@executable_path/Frameworks",
				);
				PRODUCT_BUNDLE_IDENTIFIER = SIXD.Gamification;
				PRODUCT_NAME = "$(TARGET_NAME)";
				SWIFT_VERSION = 5.0;
				TARGETED_DEVICE_FAMILY = 1;
			};
			name = Debug;
		};
		33F569B8265F51BD00150D09 /* Release */ = {
			isa = XCBuildConfiguration;
			buildSettings = {
				ASSETCATALOG_COMPILER_APPICON_NAME = AppIcon;
				ASSETCATALOG_COMPILER_GLOBAL_ACCENT_COLOR_NAME = AccentColor;
				CODE_SIGN_STYLE = Automatic;
				DEVELOPMENT_TEAM = 2PFLFZZ6ZC;
				INFOPLIST_FILE = Gamification/Info.plist;
				LD_RUNPATH_SEARCH_PATHS = (
					"$(inherited)",
					"@executable_path/Frameworks",
				);
				PRODUCT_BUNDLE_IDENTIFIER = SIXD.Gamification;
				PRODUCT_NAME = "$(TARGET_NAME)";
				SWIFT_VERSION = 5.0;
				TARGETED_DEVICE_FAMILY = 1;
			};
			name = Release;
		};
/* End XCBuildConfiguration section */

/* Begin XCConfigurationList section */
		33F5699D265F51AE00150D09 /* Build configuration list for PBXProject "Gamification" */ = {
			isa = XCConfigurationList;
			buildConfigurations = (
				33F569B4265F51BD00150D09 /* Debug */,
				33F569B5265F51BD00150D09 /* Release */,
			);
			defaultConfigurationIsVisible = 0;
			defaultConfigurationName = Release;
		};
		33F569B6265F51BD00150D09 /* Build configuration list for PBXNativeTarget "Gamification" */ = {
			isa = XCConfigurationList;
			buildConfigurations = (
				33F569B7265F51BD00150D09 /* Debug */,
				33F569B8265F51BD00150D09 /* Release */,
			);
			defaultConfigurationIsVisible = 0;
			defaultConfigurationName = Release;
		};
/* End XCConfigurationList section */
	};
	rootObject = 33F5699A265F51AE00150D09 /* Project object */;
}
